
Microsoft Visual Studio Solution File, Format Version 12.00
# Visual Studio Version 16
VisualStudioVersion = 16.0.30114.105
MinimumVisualStudioVersion = 15.0.26124.0
Project("{2150E333-8FDC-42A3-9474-1A3956D46DE8}") = "Core", "Core", "{FBC1703F-8F6D-4293-8DA2-E6F86B0AE0EF}"
EndProject
Project("{2150E333-8FDC-42A3-9474-1A3956D46DE8}") = "Domain", "Domain", "{C2225835-8345-4B55-BF5A-CB184F500461}"
EndProject
Project("{2150E333-8FDC-42A3-9474-1A3956D46DE8}") = "Security", "Security", "{E78C17B6-75B4-4F06-ACF2-0012EF4D5C75}"
EndProject
Project("{2150E333-8FDC-42A3-9474-1A3956D46DE8}") = "Web", "Web", "{53B86615-0EFC-46D1-B982-63E58243FFF8}"
EndProject
Project("{2150E333-8FDC-42A3-9474-1A3956D46DE8}") = "Tests", "Tests", "{674C6E3A-2FC1-43ED-AA91-718C8E902644}"
EndProject
Project("{9A19103F-16F7-4668-BE54-9A1E7A4F7556}") = "Security.IdentityServer", "src\Security\Security.IdentityServer\Security.IdentityServer.csproj", "{8640ED73-30A0-43F2-BB83-7E065F1A3F37}"
EndProject
Project("{2150E333-8FDC-42A3-9474-1A3956D46DE8}") = "Bridge", "Bridge", "{7CAE6BBF-418E-405F-A1D1-23BE981270C5}"
EndProject
Project("{9A19103F-16F7-4668-BE54-9A1E7A4F7556}") = "HasTextile.API", "src\Bridge\HasTextile.API\HasTextile.API.csproj", "{015E95D1-8A7C-47C0-85AC-2D07ACF91837}"
EndProject
Project("{9A19103F-16F7-4668-BE54-9A1E7A4F7556}") = "Domain.Model", "src\Domain\Domain.Model\Domain.Model.csproj", "{9E8C17E6-C99E-4312-AE35-941536943E8B}"
EndProject
Project("{9A19103F-16F7-4668-BE54-9A1E7A4F7556}") = "Domain.DataLayer", "src\Domain\Domain.DataLayer\Domain.DataLayer.csproj", "{B20EFC2F-CC0B-45F0-BB06-715D34AEBE75}"
EndProject
Project("{9A19103F-16F7-4668-BE54-9A1E7A4F7556}") = "Core.Enumarations", "src\Core\Core.Enumarations\Core.Enumarations.csproj", "{1BF14AFB-F8A6-49AC-8493-4FA80A3600B4}"
EndProject
Project("{9A19103F-16F7-4668-BE54-9A1E7A4F7556}") = "Domain.Integration", "src\Domain\Domain.Integration\Domain.Integration.csproj", "{8052FD69-0220-4AB1-B39F-6E2D0C897292}"
EndProject
Project("{9A19103F-16F7-4668-BE54-9A1E7A4F7556}") = "Domain.Service", "src\Domain\Domain.Service\Domain.Service.csproj", "{56456CCE-6256-49C1-9341-E7435EF8A976}"
EndProject
Project("{9A19103F-16F7-4668-BE54-9A1E7A4F7556}") = "Domain.Service.Model", "src\Domain\Domain.Service.Model\Domain.Service.Model.csproj", "{2D97C004-4FB5-426F-8460-30AD70CF7059}"
EndProject
Project("{9A19103F-16F7-4668-BE54-9A1E7A4F7556}") = "Core.HttpClient", "src\Core\Core.HttpClient\Core.HttpClient.csproj", "{1E717E73-7039-47FA-B3FF-05BA8A8CCED4}"
EndProject
Project("{9A19103F-16F7-4668-BE54-9A1E7A4F7556}") = "Core.Extensions", "src\Core\Core.Extensions\Core.Extensions.csproj", "{13655EE5-294F-43F6-BA86-42C1E13B9885}"
EndProject
Project("{9A19103F-16F7-4668-BE54-9A1E7A4F7556}") = "Core.Caching", "src\Core\Core.Caching\Core.Caching.csproj", "{68793A40-DCE7-4181-A6BA-4CF6B4E4B0AA}"
EndProject
Project("{2150E333-8FDC-42A3-9474-1A3956D46DE8}") = "build", "build", "{F0942A37-2013-4CAB-B7AB-87F4796DABAC}"
	ProjectSection(SolutionItems) = preProject
		build\dependencies.props = build\dependencies.props
		build\sharedSettings.Development.json = build\sharedSettings.Development.json
		build\sharedSettings.json = build\sharedSettings.json
	EndProjectSection
EndProject
Project("{9A19103F-16F7-4668-BE54-9A1E7A4F7556}") = "HasTextile.Tests", "src\Tests\HasTextile.Tests\HasTextile.Tests.csproj", "{39205E32-2D2D-4DFA-A2DE-E788200120A1}"
EndProject
Project("{9A19103F-16F7-4668-BE54-9A1E7A4F7556}") = "HasTextile.UserAPI", "src\Bridge\HasTextile.UserAPI\HasTextile.UserAPI.csproj", "{707B1B6A-9F42-4095-8371-0CACD873995D}"
EndProject
Project("{9A19103F-16F7-4668-BE54-9A1E7A4F7556}") = "Core.HealthCheck", "src\Core\Core.HealthCheck\Core.HealthCheck.csproj", "{B6D58B23-F6B9-4110-86DE-A93D3D6EB311}"
EndProject
Project("{FAE04EC0-301F-11D3-BF4B-00C04F79EFBC}") = "Gateway.API", "src\Bridge\Gateway.API\Gateway.API.csproj", "{D22606DE-9FC8-4D95-98DB-AB26F0DD9440}"
EndProject
Global
	GlobalSection(SolutionConfigurationPlatforms) = preSolution
		Debug|Any CPU = Debug|Any CPU
		Debug|x64 = Debug|x64
		Debug|x86 = Debug|x86
		Release|Any CPU = Release|Any CPU
		Release|x64 = Release|x64
		Release|x86 = Release|x86
	EndGlobalSection
	GlobalSection(ProjectConfigurationPlatforms) = postSolution
		{8640ED73-30A0-43F2-BB83-7E065F1A3F37}.Debug|Any CPU.ActiveCfg = Debug|Any CPU
		{8640ED73-30A0-43F2-BB83-7E065F1A3F37}.Debug|Any CPU.Build.0 = Debug|Any CPU
		{8640ED73-30A0-43F2-BB83-7E065F1A3F37}.Debug|x64.ActiveCfg = Debug|Any CPU
		{8640ED73-30A0-43F2-BB83-7E065F1A3F37}.Debug|x64.Build.0 = Debug|Any CPU
		{8640ED73-30A0-43F2-BB83-7E065F1A3F37}.Debug|x86.ActiveCfg = Debug|Any CPU
		{8640ED73-30A0-43F2-BB83-7E065F1A3F37}.Debug|x86.Build.0 = Debug|Any CPU
		{8640ED73-30A0-43F2-BB83-7E065F1A3F37}.Release|Any CPU.ActiveCfg = Release|Any CPU
		{8640ED73-30A0-43F2-BB83-7E065F1A3F37}.Release|Any CPU.Build.0 = Release|Any CPU
		{8640ED73-30A0-43F2-BB83-7E065F1A3F37}.Release|x64.ActiveCfg = Release|Any CPU
		{8640ED73-30A0-43F2-BB83-7E065F1A3F37}.Release|x64.Build.0 = Release|Any CPU
		{8640ED73-30A0-43F2-BB83-7E065F1A3F37}.Release|x86.ActiveCfg = Release|Any CPU
		{8640ED73-30A0-43F2-BB83-7E065F1A3F37}.Release|x86.Build.0 = Release|Any CPU
		{015E95D1-8A7C-47C0-85AC-2D07ACF91837}.Debug|Any CPU.ActiveCfg = Debug|Any CPU
		{015E95D1-8A7C-47C0-85AC-2D07ACF91837}.Debug|Any CPU.Build.0 = Debug|Any CPU
		{015E95D1-8A7C-47C0-85AC-2D07ACF91837}.Debug|x64.ActiveCfg = Debug|Any CPU
		{015E95D1-8A7C-47C0-85AC-2D07ACF91837}.Debug|x64.Build.0 = Debug|Any CPU
		{015E95D1-8A7C-47C0-85AC-2D07ACF91837}.Debug|x86.ActiveCfg = Debug|Any CPU
		{015E95D1-8A7C-47C0-85AC-2D07ACF91837}.Debug|x86.Build.0 = Debug|Any CPU
		{015E95D1-8A7C-47C0-85AC-2D07ACF91837}.Release|Any CPU.ActiveCfg = Release|Any CPU
		{015E95D1-8A7C-47C0-85AC-2D07ACF91837}.Release|Any CPU.Build.0 = Release|Any CPU
		{015E95D1-8A7C-47C0-85AC-2D07ACF91837}.Release|x64.ActiveCfg = Release|Any CPU
		{015E95D1-8A7C-47C0-85AC-2D07ACF91837}.Release|x64.Build.0 = Release|Any CPU
		{015E95D1-8A7C-47C0-85AC-2D07ACF91837}.Release|x86.ActiveCfg = Release|Any CPU
		{015E95D1-8A7C-47C0-85AC-2D07ACF91837}.Release|x86.Build.0 = Release|Any CPU
		{9E8C17E6-C99E-4312-AE35-941536943E8B}.Debug|Any CPU.ActiveCfg = Debug|Any CPU
		{9E8C17E6-C99E-4312-AE35-941536943E8B}.Debug|Any CPU.Build.0 = Debug|Any CPU
		{9E8C17E6-C99E-4312-AE35-941536943E8B}.Debug|x64.ActiveCfg = Debug|Any CPU
		{9E8C17E6-C99E-4312-AE35-941536943E8B}.Debug|x64.Build.0 = Debug|Any CPU
		{9E8C17E6-C99E-4312-AE35-941536943E8B}.Debug|x86.ActiveCfg = Debug|Any CPU
		{9E8C17E6-C99E-4312-AE35-941536943E8B}.Debug|x86.Build.0 = Debug|Any CPU
		{9E8C17E6-C99E-4312-AE35-941536943E8B}.Release|Any CPU.ActiveCfg = Release|Any CPU
		{9E8C17E6-C99E-4312-AE35-941536943E8B}.Release|Any CPU.Build.0 = Release|Any CPU
		{9E8C17E6-C99E-4312-AE35-941536943E8B}.Release|x64.ActiveCfg = Release|Any CPU
		{9E8C17E6-C99E-4312-AE35-941536943E8B}.Release|x64.Build.0 = Release|Any CPU
		{9E8C17E6-C99E-4312-AE35-941536943E8B}.Release|x86.ActiveCfg = Release|Any CPU
		{9E8C17E6-C99E-4312-AE35-941536943E8B}.Release|x86.Build.0 = Release|Any CPU
		{B20EFC2F-CC0B-45F0-BB06-715D34AEBE75}.Debug|Any CPU.ActiveCfg = Debug|Any CPU
		{B20EFC2F-CC0B-45F0-BB06-715D34AEBE75}.Debug|Any CPU.Build.0 = Debug|Any CPU
		{B20EFC2F-CC0B-45F0-BB06-715D34AEBE75}.Debug|x64.ActiveCfg = Debug|Any CPU
		{B20EFC2F-CC0B-45F0-BB06-715D34AEBE75}.Debug|x64.Build.0 = Debug|Any CPU
		{B20EFC2F-CC0B-45F0-BB06-715D34AEBE75}.Debug|x86.ActiveCfg = Debug|Any CPU
		{B20EFC2F-CC0B-45F0-BB06-715D34AEBE75}.Debug|x86.Build.0 = Debug|Any CPU
		{B20EFC2F-CC0B-45F0-BB06-715D34AEBE75}.Release|Any CPU.ActiveCfg = Release|Any CPU
		{B20EFC2F-CC0B-45F0-BB06-715D34AEBE75}.Release|Any CPU.Build.0 = Release|Any CPU
		{B20EFC2F-CC0B-45F0-BB06-715D34AEBE75}.Release|x64.ActiveCfg = Release|Any CPU
		{B20EFC2F-CC0B-45F0-BB06-715D34AEBE75}.Release|x64.Build.0 = Release|Any CPU
		{B20EFC2F-CC0B-45F0-BB06-715D34AEBE75}.Release|x86.ActiveCfg = Release|Any CPU
		{B20EFC2F-CC0B-45F0-BB06-715D34AEBE75}.Release|x86.Build.0 = Release|Any CPU
		{1BF14AFB-F8A6-49AC-8493-4FA80A3600B4}.Debug|Any CPU.ActiveCfg = Debug|Any CPU
		{1BF14AFB-F8A6-49AC-8493-4FA80A3600B4}.Debug|Any CPU.Build.0 = Debug|Any CPU
		{1BF14AFB-F8A6-49AC-8493-4FA80A3600B4}.Debug|x64.ActiveCfg = Debug|Any CPU
		{1BF14AFB-F8A6-49AC-8493-4FA80A3600B4}.Debug|x64.Build.0 = Debug|Any CPU
		{1BF14AFB-F8A6-49AC-8493-4FA80A3600B4}.Debug|x86.ActiveCfg = Debug|Any CPU
		{1BF14AFB-F8A6-49AC-8493-4FA80A3600B4}.Debug|x86.Build.0 = Debug|Any CPU
		{1BF14AFB-F8A6-49AC-8493-4FA80A3600B4}.Release|Any CPU.ActiveCfg = Release|Any CPU
		{1BF14AFB-F8A6-49AC-8493-4FA80A3600B4}.Release|Any CPU.Build.0 = Release|Any CPU
		{1BF14AFB-F8A6-49AC-8493-4FA80A3600B4}.Release|x64.ActiveCfg = Release|Any CPU
		{1BF14AFB-F8A6-49AC-8493-4FA80A3600B4}.Release|x64.Build.0 = Release|Any CPU
		{1BF14AFB-F8A6-49AC-8493-4FA80A3600B4}.Release|x86.ActiveCfg = Release|Any CPU
		{1BF14AFB-F8A6-49AC-8493-4FA80A3600B4}.Release|x86.Build.0 = Release|Any CPU
		{8052FD69-0220-4AB1-B39F-6E2D0C897292}.Debug|Any CPU.ActiveCfg = Debug|Any CPU
		{8052FD69-0220-4AB1-B39F-6E2D0C897292}.Debug|Any CPU.Build.0 = Debug|Any CPU
		{8052FD69-0220-4AB1-B39F-6E2D0C897292}.Debug|x64.ActiveCfg = Debug|Any CPU
		{8052FD69-0220-4AB1-B39F-6E2D0C897292}.Debug|x64.Build.0 = Debug|Any CPU
		{8052FD69-0220-4AB1-B39F-6E2D0C897292}.Debug|x86.ActiveCfg = Debug|Any CPU
		{8052FD69-0220-4AB1-B39F-6E2D0C897292}.Debug|x86.Build.0 = Debug|Any CPU
		{8052FD69-0220-4AB1-B39F-6E2D0C897292}.Release|Any CPU.ActiveCfg = Release|Any CPU
		{8052FD69-0220-4AB1-B39F-6E2D0C897292}.Release|Any CPU.Build.0 = Release|Any CPU
		{8052FD69-0220-4AB1-B39F-6E2D0C897292}.Release|x64.ActiveCfg = Release|Any CPU
		{8052FD69-0220-4AB1-B39F-6E2D0C897292}.Release|x64.Build.0 = Release|Any CPU
		{8052FD69-0220-4AB1-B39F-6E2D0C897292}.Release|x86.ActiveCfg = Release|Any CPU
		{8052FD69-0220-4AB1-B39F-6E2D0C897292}.Release|x86.Build.0 = Release|Any CPU
		{56456CCE-6256-49C1-9341-E7435EF8A976}.Debug|Any CPU.ActiveCfg = Debug|Any CPU
		{56456CCE-6256-49C1-9341-E7435EF8A976}.Debug|Any CPU.Build.0 = Debug|Any CPU
		{56456CCE-6256-49C1-9341-E7435EF8A976}.Debug|x64.ActiveCfg = Debug|Any CPU
		{56456CCE-6256-49C1-9341-E7435EF8A976}.Debug|x64.Build.0 = Debug|Any CPU
		{56456CCE-6256-49C1-9341-E7435EF8A976}.Debug|x86.ActiveCfg = Debug|Any CPU
		{56456CCE-6256-49C1-9341-E7435EF8A976}.Debug|x86.Build.0 = Debug|Any CPU
		{56456CCE-6256-49C1-9341-E7435EF8A976}.Release|Any CPU.ActiveCfg = Release|Any CPU
		{56456CCE-6256-49C1-9341-E7435EF8A976}.Release|Any CPU.Build.0 = Release|Any CPU
		{56456CCE-6256-49C1-9341-E7435EF8A976}.Release|x64.ActiveCfg = Release|Any CPU
		{56456CCE-6256-49C1-9341-E7435EF8A976}.Release|x64.Build.0 = Release|Any CPU
		{56456CCE-6256-49C1-9341-E7435EF8A976}.Release|x86.ActiveCfg = Release|Any CPU
		{56456CCE-6256-49C1-9341-E7435EF8A976}.Release|x86.Build.0 = Release|Any CPU
		{2D97C004-4FB5-426F-8460-30AD70CF7059}.Debug|Any CPU.ActiveCfg = Debug|Any CPU
		{2D97C004-4FB5-426F-8460-30AD70CF7059}.Debug|Any CPU.Build.0 = Debug|Any CPU
		{2D97C004-4FB5-426F-8460-30AD70CF7059}.Debug|x64.ActiveCfg = Debug|Any CPU
		{2D97C004-4FB5-426F-8460-30AD70CF7059}.Debug|x64.Build.0 = Debug|Any CPU
		{2D97C004-4FB5-426F-8460-30AD70CF7059}.Debug|x86.ActiveCfg = Debug|Any CPU
		{2D97C004-4FB5-426F-8460-30AD70CF7059}.Debug|x86.Build.0 = Debug|Any CPU
		{2D97C004-4FB5-426F-8460-30AD70CF7059}.Release|Any CPU.ActiveCfg = Release|Any CPU
		{2D97C004-4FB5-426F-8460-30AD70CF7059}.Release|Any CPU.Build.0 = Release|Any CPU
		{2D97C004-4FB5-426F-8460-30AD70CF7059}.Release|x64.ActiveCfg = Release|Any CPU
		{2D97C004-4FB5-426F-8460-30AD70CF7059}.Release|x64.Build.0 = Release|Any CPU
		{2D97C004-4FB5-426F-8460-30AD70CF7059}.Release|x86.ActiveCfg = Release|Any CPU
		{2D97C004-4FB5-426F-8460-30AD70CF7059}.Release|x86.Build.0 = Release|Any CPU
		{1E717E73-7039-47FA-B3FF-05BA8A8CCED4}.Debug|Any CPU.ActiveCfg = Debug|Any CPU
		{1E717E73-7039-47FA-B3FF-05BA8A8CCED4}.Debug|Any CPU.Build.0 = Debug|Any CPU
		{1E717E73-7039-47FA-B3FF-05BA8A8CCED4}.Debug|x64.ActiveCfg = Debug|Any CPU
		{1E717E73-7039-47FA-B3FF-05BA8A8CCED4}.Debug|x64.Build.0 = Debug|Any CPU
		{1E717E73-7039-47FA-B3FF-05BA8A8CCED4}.Debug|x86.ActiveCfg = Debug|Any CPU
		{1E717E73-7039-47FA-B3FF-05BA8A8CCED4}.Debug|x86.Build.0 = Debug|Any CPU
		{1E717E73-7039-47FA-B3FF-05BA8A8CCED4}.Release|Any CPU.ActiveCfg = Release|Any CPU
		{1E717E73-7039-47FA-B3FF-05BA8A8CCED4}.Release|Any CPU.Build.0 = Release|Any CPU
		{1E717E73-7039-47FA-B3FF-05BA8A8CCED4}.Release|x64.ActiveCfg = Release|Any CPU
		{1E717E73-7039-47FA-B3FF-05BA8A8CCED4}.Release|x64.Build.0 = Release|Any CPU
		{1E717E73-7039-47FA-B3FF-05BA8A8CCED4}.Release|x86.ActiveCfg = Release|Any CPU
		{1E717E73-7039-47FA-B3FF-05BA8A8CCED4}.Release|x86.Build.0 = Release|Any CPU
		{13655EE5-294F-43F6-BA86-42C1E13B9885}.Debug|Any CPU.ActiveCfg = Debug|Any CPU
		{13655EE5-294F-43F6-BA86-42C1E13B9885}.Debug|Any CPU.Build.0 = Debug|Any CPU
		{13655EE5-294F-43F6-BA86-42C1E13B9885}.Debug|x64.ActiveCfg = Debug|Any CPU
		{13655EE5-294F-43F6-BA86-42C1E13B9885}.Debug|x64.Build.0 = Debug|Any CPU
		{13655EE5-294F-43F6-BA86-42C1E13B9885}.Debug|x86.ActiveCfg = Debug|Any CPU
		{13655EE5-294F-43F6-BA86-42C1E13B9885}.Debug|x86.Build.0 = Debug|Any CPU
		{13655EE5-294F-43F6-BA86-42C1E13B9885}.Release|Any CPU.ActiveCfg = Release|Any CPU
		{13655EE5-294F-43F6-BA86-42C1E13B9885}.Release|Any CPU.Build.0 = Release|Any CPU
		{13655EE5-294F-43F6-BA86-42C1E13B9885}.Release|x64.ActiveCfg = Release|Any CPU
		{13655EE5-294F-43F6-BA86-42C1E13B9885}.Release|x64.Build.0 = Release|Any CPU
		{13655EE5-294F-43F6-BA86-42C1E13B9885}.Release|x86.ActiveCfg = Release|Any CPU
		{13655EE5-294F-43F6-BA86-42C1E13B9885}.Release|x86.Build.0 = Release|Any CPU
		{68793A40-DCE7-4181-A6BA-4CF6B4E4B0AA}.Debug|Any CPU.ActiveCfg = Debug|Any CPU
		{68793A40-DCE7-4181-A6BA-4CF6B4E4B0AA}.Debug|Any CPU.Build.0 = Debug|Any CPU
		{68793A40-DCE7-4181-A6BA-4CF6B4E4B0AA}.Debug|x64.ActiveCfg = Debug|Any CPU
		{68793A40-DCE7-4181-A6BA-4CF6B4E4B0AA}.Debug|x64.Build.0 = Debug|Any CPU
		{68793A40-DCE7-4181-A6BA-4CF6B4E4B0AA}.Debug|x86.ActiveCfg = Debug|Any CPU
		{68793A40-DCE7-4181-A6BA-4CF6B4E4B0AA}.Debug|x86.Build.0 = Debug|Any CPU
		{68793A40-DCE7-4181-A6BA-4CF6B4E4B0AA}.Release|Any CPU.ActiveCfg = Release|Any CPU
		{68793A40-DCE7-4181-A6BA-4CF6B4E4B0AA}.Release|Any CPU.Build.0 = Release|Any CPU
		{68793A40-DCE7-4181-A6BA-4CF6B4E4B0AA}.Release|x64.ActiveCfg = Release|Any CPU
		{68793A40-DCE7-4181-A6BA-4CF6B4E4B0AA}.Release|x64.Build.0 = Release|Any CPU
		{68793A40-DCE7-4181-A6BA-4CF6B4E4B0AA}.Release|x86.ActiveCfg = Release|Any CPU
		{68793A40-DCE7-4181-A6BA-4CF6B4E4B0AA}.Release|x86.Build.0 = Release|Any CPU
		{39205E32-2D2D-4DFA-A2DE-E788200120A1}.Debug|Any CPU.ActiveCfg = Debug|Any CPU
		{39205E32-2D2D-4DFA-A2DE-E788200120A1}.Debug|Any CPU.Build.0 = Debug|Any CPU
		{39205E32-2D2D-4DFA-A2DE-E788200120A1}.Debug|x64.ActiveCfg = Debug|Any CPU
		{39205E32-2D2D-4DFA-A2DE-E788200120A1}.Debug|x64.Build.0 = Debug|Any CPU
		{39205E32-2D2D-4DFA-A2DE-E788200120A1}.Debug|x86.ActiveCfg = Debug|Any CPU
		{39205E32-2D2D-4DFA-A2DE-E788200120A1}.Debug|x86.Build.0 = Debug|Any CPU
		{39205E32-2D2D-4DFA-A2DE-E788200120A1}.Release|Any CPU.ActiveCfg = Release|Any CPU
		{39205E32-2D2D-4DFA-A2DE-E788200120A1}.Release|Any CPU.Build.0 = Release|Any CPU
		{39205E32-2D2D-4DFA-A2DE-E788200120A1}.Release|x64.ActiveCfg = Release|Any CPU
		{39205E32-2D2D-4DFA-A2DE-E788200120A1}.Release|x64.Build.0 = Release|Any CPU
		{39205E32-2D2D-4DFA-A2DE-E788200120A1}.Release|x86.ActiveCfg = Release|Any CPU
		{39205E32-2D2D-4DFA-A2DE-E788200120A1}.Release|x86.Build.0 = Release|Any CPU
		{707B1B6A-9F42-4095-8371-0CACD873995D}.Debug|Any CPU.ActiveCfg = Debug|Any CPU
		{707B1B6A-9F42-4095-8371-0CACD873995D}.Debug|Any CPU.Build.0 = Debug|Any CPU
		{707B1B6A-9F42-4095-8371-0CACD873995D}.Debug|x64.ActiveCfg = Debug|Any CPU
		{707B1B6A-9F42-4095-8371-0CACD873995D}.Debug|x64.Build.0 = Debug|Any CPU
		{707B1B6A-9F42-4095-8371-0CACD873995D}.Debug|x86.ActiveCfg = Debug|Any CPU
		{707B1B6A-9F42-4095-8371-0CACD873995D}.Debug|x86.Build.0 = Debug|Any CPU
		{707B1B6A-9F42-4095-8371-0CACD873995D}.Release|Any CPU.ActiveCfg = Release|Any CPU
		{707B1B6A-9F42-4095-8371-0CACD873995D}.Release|Any CPU.Build.0 = Release|Any CPU
		{707B1B6A-9F42-4095-8371-0CACD873995D}.Release|x64.ActiveCfg = Release|Any CPU
		{707B1B6A-9F42-4095-8371-0CACD873995D}.Release|x64.Build.0 = Release|Any CPU
		{707B1B6A-9F42-4095-8371-0CACD873995D}.Release|x86.ActiveCfg = Release|Any CPU
		{707B1B6A-9F42-4095-8371-0CACD873995D}.Release|x86.Build.0 = Release|Any CPU
		{B6D58B23-F6B9-4110-86DE-A93D3D6EB311}.Debug|Any CPU.ActiveCfg = Debug|Any CPU
		{B6D58B23-F6B9-4110-86DE-A93D3D6EB311}.Debug|Any CPU.Build.0 = Debug|Any CPU
		{B6D58B23-F6B9-4110-86DE-A93D3D6EB311}.Debug|x64.ActiveCfg = Debug|Any CPU
		{B6D58B23-F6B9-4110-86DE-A93D3D6EB311}.Debug|x64.Build.0 = Debug|Any CPU
		{B6D58B23-F6B9-4110-86DE-A93D3D6EB311}.Debug|x86.ActiveCfg = Debug|Any CPU
		{B6D58B23-F6B9-4110-86DE-A93D3D6EB311}.Debug|x86.Build.0 = Debug|Any CPU
		{B6D58B23-F6B9-4110-86DE-A93D3D6EB311}.Release|Any CPU.ActiveCfg = Release|Any CPU
		{B6D58B23-F6B9-4110-86DE-A93D3D6EB311}.Release|Any CPU.Build.0 = Release|Any CPU
		{B6D58B23-F6B9-4110-86DE-A93D3D6EB311}.Release|x64.ActiveCfg = Release|Any CPU
		{B6D58B23-F6B9-4110-86DE-A93D3D6EB311}.Release|x64.Build.0 = Release|Any CPU
		{B6D58B23-F6B9-4110-86DE-A93D3D6EB311}.Release|x86.ActiveCfg = Release|Any CPU
		{B6D58B23-F6B9-4110-86DE-A93D3D6EB311}.Release|x86.Build.0 = Release|Any CPU
		{D22606DE-9FC8-4D95-98DB-AB26F0DD9440}.Debug|Any CPU.ActiveCfg = Debug|Any CPU
		{D22606DE-9FC8-4D95-98DB-AB26F0DD9440}.Debug|Any CPU.Build.0 = Debug|Any CPU
		{D22606DE-9FC8-4D95-98DB-AB26F0DD9440}.Debug|x64.ActiveCfg = Debug|Any CPU
		{D22606DE-9FC8-4D95-98DB-AB26F0DD9440}.Debug|x64.Build.0 = Debug|Any CPU
		{D22606DE-9FC8-4D95-98DB-AB26F0DD9440}.Debug|x86.ActiveCfg = Debug|Any CPU
		{D22606DE-9FC8-4D95-98DB-AB26F0DD9440}.Debug|x86.Build.0 = Debug|Any CPU
		{D22606DE-9FC8-4D95-98DB-AB26F0DD9440}.Release|Any CPU.ActiveCfg = Release|Any CPU
		{D22606DE-9FC8-4D95-98DB-AB26F0DD9440}.Release|Any CPU.Build.0 = Release|Any CPU
		{D22606DE-9FC8-4D95-98DB-AB26F0DD9440}.Release|x64.ActiveCfg = Release|Any CPU
		{D22606DE-9FC8-4D95-98DB-AB26F0DD9440}.Release|x64.Build.0 = Release|Any CPU
		{D22606DE-9FC8-4D95-98DB-AB26F0DD9440}.Release|x86.ActiveCfg = Release|Any CPU
		{D22606DE-9FC8-4D95-98DB-AB26F0DD9440}.Release|x86.Build.0 = Release|Any CPU
	EndGlobalSection
	GlobalSection(SolutionProperties) = preSolution
		HideSolutionNode = FALSE
	EndGlobalSection
	GlobalSection(NestedProjects) = preSolution
		{8640ED73-30A0-43F2-BB83-7E065F1A3F37} = {E78C17B6-75B4-4F06-ACF2-0012EF4D5C75}
		{015E95D1-8A7C-47C0-85AC-2D07ACF91837} = {7CAE6BBF-418E-405F-A1D1-23BE981270C5}
		{9E8C17E6-C99E-4312-AE35-941536943E8B} = {C2225835-8345-4B55-BF5A-CB184F500461}
		{B20EFC2F-CC0B-45F0-BB06-715D34AEBE75} = {C2225835-8345-4B55-BF5A-CB184F500461}
		{1BF14AFB-F8A6-49AC-8493-4FA80A3600B4} = {FBC1703F-8F6D-4293-8DA2-E6F86B0AE0EF}
		{8052FD69-0220-4AB1-B39F-6E2D0C897292} = {C2225835-8345-4B55-BF5A-CB184F500461}
		{56456CCE-6256-49C1-9341-E7435EF8A976} = {C2225835-8345-4B55-BF5A-CB184F500461}
		{2D97C004-4FB5-426F-8460-30AD70CF7059} = {C2225835-8345-4B55-BF5A-CB184F500461}
		{1E717E73-7039-47FA-B3FF-05BA8A8CCED4} = {FBC1703F-8F6D-4293-8DA2-E6F86B0AE0EF}
		{13655EE5-294F-43F6-BA86-42C1E13B9885} = {FBC1703F-8F6D-4293-8DA2-E6F86B0AE0EF}
		{68793A40-DCE7-4181-A6BA-4CF6B4E4B0AA} = {FBC1703F-8F6D-4293-8DA2-E6F86B0AE0EF}
		{39205E32-2D2D-4DFA-A2DE-E788200120A1} = {674C6E3A-2FC1-43ED-AA91-718C8E902644}
		{707B1B6A-9F42-4095-8371-0CACD873995D} = {7CAE6BBF-418E-405F-A1D1-23BE981270C5}
		{B6D58B23-F6B9-4110-86DE-A93D3D6EB311} = {FBC1703F-8F6D-4293-8DA2-E6F86B0AE0EF}
		{D22606DE-9FC8-4D95-98DB-AB26F0DD9440} = {7CAE6BBF-418E-405F-A1D1-23BE981270C5}
	EndGlobalSection
	GlobalSection(ExtensibilityGlobals) = postSolution
		SolutionGuid = {D5AA8F5A-BE3A-46B1-AD66-7E05D6755883}
	EndGlobalSection
EndGlobal
